
Microsoft Visual Studio Solution File, Format Version 12.00
Project("{FAE04EC0-301F-11D3-BF4B-00C04F79EFBC}") = "TerrytLookup.WebAPI", "TerrytLookup.WebAPI\TerrytLookup.WebAPI.csproj", "{DA978FE0-7B1D-4987-BC08-9A51674AECF4}"
EndProject
Project("{FAE04EC0-301F-11D3-BF4B-00C04F79EFBC}") = "TerrytLookup.Infrastructure", "TerrytLookup.Infrastructure\TerrytLookup.Infrastructure.csproj", "{BEF02112-E739-42DC-8C32-09DCE95D2907}"
EndProject
Project("{FAE04EC0-301F-11D3-BF4B-00C04F79EFBC}") = "TerrytLookup.Core", "TerrytLookup.Core\TerrytLookup.Core.csproj", "{807F1EE3-5543-4FF5-B94B-82E4181317BE}"
EndProject
Project("{FAE04EC0-301F-11D3-BF4B-00C04F79EFBC}") = "TerrytLookup.Tests", "TerrytLookup.Tests\TerrytLookup.Tests.csproj", "{BA0DD75D-BEFA-4D7E-9531-24763E509DDB}"
EndProject
Global
	GlobalSection(SolutionConfigurationPlatforms) = preSolution
		Debug|Any CPU = Debug|Any CPU
		Release|Any CPU = Release|Any CPU
	EndGlobalSection
	GlobalSection(ProjectConfigurationPlatforms) = postSolution
		{DA978FE0-7B1D-4987-BC08-9A51674AECF4}.Debug|Any CPU.ActiveCfg = Debug|Any CPU
		{DA978FE0-7B1D-4987-BC08-9A51674AECF4}.Debug|Any CPU.Build.0 = Debug|Any CPU
		{DA978FE0-7B1D-4987-BC08-9A51674AECF4}.Release|Any CPU.ActiveCfg = Release|Any CPU
		{DA978FE0-7B1D-4987-BC08-9A51674AECF4}.Release|Any CPU.Build.0 = Release|Any CPU
		{BEF02112-E739-42DC-8C32-09DCE95D2907}.Debug|Any CPU.ActiveCfg = Debug|Any CPU
		{BEF02112-E739-42DC-8C32-09DCE95D2907}.Debug|Any CPU.Build.0 = Debug|Any CPU
		{BEF02112-E739-42DC-8C32-09DCE95D2907}.Release|Any CPU.ActiveCfg = Release|Any CPU
		{BEF02112-E739-42DC-8C32-09DCE95D2907}.Release|Any CPU.Build.0 = Release|Any CPU
		{807F1EE3-5543-4FF5-B94B-82E4181317BE}.Debug|Any CPU.ActiveCfg = Debug|Any CPU
		{807F1EE3-5543-4FF5-B94B-82E4181317BE}.Debug|Any CPU.Build.0 = Debug|Any CPU
		{807F1EE3-5543-4FF5-B94B-82E4181317BE}.Release|Any CPU.ActiveCfg = Release|Any CPU
		{807F1EE3-5543-4FF5-B94B-82E4181317BE}.Release|Any CPU.Build.0 = Release|Any CPU
		{BA0DD75D-BEFA-4D7E-9531-24763E509DDB}.Debug|Any CPU.ActiveCfg = Debug|Any CPU
		{BA0DD75D-BEFA-4D7E-9531-24763E509DDB}.Debug|Any CPU.Build.0 = Debug|Any CPU
		{BA0DD75D-BEFA-4D7E-9531-24763E509DDB}.Release|Any CPU.ActiveCfg = Release|Any CPU
		{BA0DD75D-BEFA-4D7E-9531-24763E509DDB}.Release|Any CPU.Build.0 = Release|Any CPU
	EndGlobalSection
EndGlobal
